
Microsoft Visual Studio Solution File, Format Version 12.00
# Visual Studio Version 17
VisualStudioVersion = 17.7.34202.233
MinimumVisualStudioVersion = 10.0.40219.1
Project("{FAE04EC0-301F-11D3-BF4B-00C04F79EFBC}") = "ProjeOdevi", "ProjeOdevi\ProjeOdevi.csproj", "{E7A2D452-4301-46F6-B442-06F2B1F07FC7}"
EndProject
Global
	GlobalSection(SolutionConfigurationPlatforms) = preSolution
		Debug|Any CPU = Debug|Any CPU
		Release|Any CPU = Release|Any CPU
	EndGlobalSection
	GlobalSection(ProjectConfigurationPlatforms) = postSolution
		{E7A2D452-4301-46F6-B442-06F2B1F07FC7}.Debug|Any CPU.ActiveCfg = Debug|Any CPU
		{E7A2D452-4301-46F6-B442-06F2B1F07FC7}.Debug|Any CPU.Build.0 = Debug|Any CPU
		{E7A2D452-4301-46F6-B442-06F2B1F07FC7}.Release|Any CPU.ActiveCfg = Release|Any CPU
		{E7A2D452-4301-46F6-B442-06F2B1F07FC7}.Release|Any CPU.Build.0 = Release|Any CPU
	EndGlobalSection
	GlobalSection(SolutionProperties) = preSolution
		HideSolutionNode = FALSE
	EndGlobalSection
	GlobalSection(ExtensibilityGlobals) = postSolution
		SolutionGuid = {B0BB53A1-6664-4A48-8E01-896A2CA9CF6A}
	EndGlobalSection
EndGlobal
